
Microsoft Visual Studio Solution File, Format Version 12.00
# Visual Studio Version 17
VisualStudioVersion = 17.13.35806.99
MinimumVisualStudioVersion = 10.0.40219.1
Project("{9A19103F-16F7-4668-BE54-9A1E7A4F7556}") = "HospitalWebAPI", "HospitalWebAPI\HospitalWebAPI.csproj", "{E76E0A4D-6FAE-49E5-A9A8-A071D2F36CAE}"
EndProject
Project("{2150E333-8FDC-42A3-9474-1A3956D46DE8}") = "Core", "Core", "{02EA681E-C7D8-13C7-8484-4AC65E1B71E8}"
EndProject
Project("{9A19103F-16F7-4668-BE54-9A1E7A4F7556}") = "BuildingCore", "BuildingCore\BuildingCore.csproj", "{0764DC22-3FA0-43B4-BE66-53E26A5439FD}"
EndProject
Project("{E53339B2-1760-4266-BCC7-CA923CBCF16C}") = "docker-compose", "docker-compose.dcproj", "{81DDED9D-158B-E303-5F62-77A2896D2A5A}"
EndProject
Project("{54A90642-561A-4BB1-A94E-469ADEE60C69}") = "hospital.client", "..\hospital.client\hospital.client.esproj", "{E53D1A03-797E-79AF-8AA6-655B8EAB9CD8}"
EndProject
Global
	GlobalSection(SolutionConfigurationPlatforms) = preSolution
		Debug|Any CPU = Debug|Any CPU
		Release|Any CPU = Release|Any CPU
	EndGlobalSection
	GlobalSection(ProjectConfigurationPlatforms) = postSolution
		{E76E0A4D-6FAE-49E5-A9A8-A071D2F36CAE}.Debug|Any CPU.ActiveCfg = Debug|Any CPU
		{E76E0A4D-6FAE-49E5-A9A8-A071D2F36CAE}.Debug|Any CPU.Build.0 = Debug|Any CPU
		{E76E0A4D-6FAE-49E5-A9A8-A071D2F36CAE}.Release|Any CPU.ActiveCfg = Release|Any CPU
		{E76E0A4D-6FAE-49E5-A9A8-A071D2F36CAE}.Release|Any CPU.Build.0 = Release|Any CPU
		{0764DC22-3FA0-43B4-BE66-53E26A5439FD}.Debug|Any CPU.ActiveCfg = Debug|Any CPU
		{0764DC22-3FA0-43B4-BE66-53E26A5439FD}.Debug|Any CPU.Build.0 = Debug|Any CPU
		{0764DC22-3FA0-43B4-BE66-53E26A5439FD}.Release|Any CPU.ActiveCfg = Release|Any CPU
		{0764DC22-3FA0-43B4-BE66-53E26A5439FD}.Release|Any CPU.Build.0 = Release|Any CPU
		{81DDED9D-158B-E303-5F62-77A2896D2A5A}.Debug|Any CPU.ActiveCfg = Debug|Any CPU
		{81DDED9D-158B-E303-5F62-77A2896D2A5A}.Debug|Any CPU.Build.0 = Debug|Any CPU
		{81DDED9D-158B-E303-5F62-77A2896D2A5A}.Release|Any CPU.ActiveCfg = Release|Any CPU
		{81DDED9D-158B-E303-5F62-77A2896D2A5A}.Release|Any CPU.Build.0 = Release|Any CPU
		{E53D1A03-797E-79AF-8AA6-655B8EAB9CD8}.Debug|Any CPU.ActiveCfg = Debug|Any CPU
		{E53D1A03-797E-79AF-8AA6-655B8EAB9CD8}.Debug|Any CPU.Build.0 = Debug|Any CPU
		{E53D1A03-797E-79AF-8AA6-655B8EAB9CD8}.Debug|Any CPU.Deploy.0 = Debug|Any CPU
		{E53D1A03-797E-79AF-8AA6-655B8EAB9CD8}.Release|Any CPU.ActiveCfg = Release|Any CPU
		{E53D1A03-797E-79AF-8AA6-655B8EAB9CD8}.Release|Any CPU.Build.0 = Release|Any CPU
		{E53D1A03-797E-79AF-8AA6-655B8EAB9CD8}.Release|Any CPU.Deploy.0 = Release|Any CPU
	EndGlobalSection
	GlobalSection(SolutionProperties) = preSolution
		HideSolutionNode = FALSE
	EndGlobalSection
	GlobalSection(NestedProjects) = preSolution
		{0764DC22-3FA0-43B4-BE66-53E26A5439FD} = {02EA681E-C7D8-13C7-8484-4AC65E1B71E8}
	EndGlobalSection
	GlobalSection(ExtensibilityGlobals) = postSolution
		SolutionGuid = {7B10EEB7-4307-4710-8C70-A9FB97AFEABE}
	EndGlobalSection
EndGlobal
